
Microsoft Visual Studio Solution File, Format Version 12.00
# Visual Studio Version 17
VisualStudioVersion = 17.0.31903.59
MinimumVisualStudioVersion = 10.0.40219.1
Project("{FAE04EC0-301F-11D3-BF4B-00C04F79EFBC}") = "tryCollection", "tryCollection\tryCollection.csproj", "{617BB732-60CF-4BBE-A5B8-59C448172939}"
EndProject
Project("{FAE04EC0-301F-11D3-BF4B-00C04F79EFBC}") = "tryArraylist", "tryArraylist\tryArraylist.csproj", "{903A1AC7-757C-4143-929C-E2516356243F}"
EndProject
Project("{FAE04EC0-301F-11D3-BF4B-00C04F79EFBC}") = "tryList", "tryList\tryList.csproj", "{078CF35B-68B1-4FC3-8C06-ACA0F65B2119}"
EndProject
Project("{FAE04EC0-301F-11D3-BF4B-00C04F79EFBC}") = "tryStackAndQueue", "tryStackAndQueue\tryStackAndQueue.csproj", "{BE4D68F2-CC44-4C7B-972D-7967A102A5AA}"
EndProject
Global
	GlobalSection(SolutionConfigurationPlatforms) = preSolution
		Debug|Any CPU = Debug|Any CPU
		Release|Any CPU = Release|Any CPU
	EndGlobalSection
	GlobalSection(SolutionProperties) = preSolution
		HideSolutionNode = FALSE
	EndGlobalSection
	GlobalSection(ProjectConfigurationPlatforms) = postSolution
		{617BB732-60CF-4BBE-A5B8-59C448172939}.Debug|Any CPU.ActiveCfg = Debug|Any CPU
		{617BB732-60CF-4BBE-A5B8-59C448172939}.Debug|Any CPU.Build.0 = Debug|Any CPU
		{617BB732-60CF-4BBE-A5B8-59C448172939}.Release|Any CPU.ActiveCfg = Release|Any CPU
		{617BB732-60CF-4BBE-A5B8-59C448172939}.Release|Any CPU.Build.0 = Release|Any CPU
		{903A1AC7-757C-4143-929C-E2516356243F}.Debug|Any CPU.ActiveCfg = Debug|Any CPU
		{903A1AC7-757C-4143-929C-E2516356243F}.Debug|Any CPU.Build.0 = Debug|Any CPU
		{903A1AC7-757C-4143-929C-E2516356243F}.Release|Any CPU.ActiveCfg = Release|Any CPU
		{903A1AC7-757C-4143-929C-E2516356243F}.Release|Any CPU.Build.0 = Release|Any CPU
		{078CF35B-68B1-4FC3-8C06-ACA0F65B2119}.Debug|Any CPU.ActiveCfg = Debug|Any CPU
		{078CF35B-68B1-4FC3-8C06-ACA0F65B2119}.Debug|Any CPU.Build.0 = Debug|Any CPU
		{078CF35B-68B1-4FC3-8C06-ACA0F65B2119}.Release|Any CPU.ActiveCfg = Release|Any CPU
		{078CF35B-68B1-4FC3-8C06-ACA0F65B2119}.Release|Any CPU.Build.0 = Release|Any CPU
		{BE4D68F2-CC44-4C7B-972D-7967A102A5AA}.Debug|Any CPU.ActiveCfg = Debug|Any CPU
		{BE4D68F2-CC44-4C7B-972D-7967A102A5AA}.Debug|Any CPU.Build.0 = Debug|Any CPU
		{BE4D68F2-CC44-4C7B-972D-7967A102A5AA}.Release|Any CPU.ActiveCfg = Release|Any CPU
		{BE4D68F2-CC44-4C7B-972D-7967A102A5AA}.Release|Any CPU.Build.0 = Release|Any CPU
	EndGlobalSection
EndGlobal
