
Microsoft Visual Studio Solution File, Format Version 12.00
# Visual Studio Version 17
VisualStudioVersion = 17.0.31903.59
MinimumVisualStudioVersion = 10.0.40219.1
Project("{FAE04EC0-301F-11D3-BF4B-00C04F79EFBC}") = "random", "random\random.csproj", "{74DC9498-6E45-44E0-A1AD-D9007F4D805E}"
EndProject
Project("{FAE04EC0-301F-11D3-BF4B-00C04F79EFBC}") = "tryAttributes", "tryAttributes\tryAttributes.csproj", "{4C0E877A-EED6-426A-AE68-AF33083FD6BF}"
EndProject
Project("{FAE04EC0-301F-11D3-BF4B-00C04F79EFBC}") = "random2", "random2\random2.csproj", "{6CC45E1F-6737-4E79-81B4-708F87B0D454}"
EndProject
Project("{FAE04EC0-301F-11D3-BF4B-00C04F79EFBC}") = "random3", "random3\random3.csproj", "{639D89F6-B47D-46BF-9E2D-094772EADC22}"
EndProject
Project("{FAE04EC0-301F-11D3-BF4B-00C04F79EFBC}") = "random4", "random4\random4.csproj", "{A8EA6C2C-4A7E-4216-8878-A7542A4F3B5E}"
EndProject
Project("{FAE04EC0-301F-11D3-BF4B-00C04F79EFBC}") = "tryChess", "tryChess\tryChess.csproj", "{0B560B84-23F8-4EA4-A21A-4C31BBCBF570}"
EndProject
Global
	GlobalSection(SolutionConfigurationPlatforms) = preSolution
		Debug|Any CPU = Debug|Any CPU
		Release|Any CPU = Release|Any CPU
	EndGlobalSection
	GlobalSection(SolutionProperties) = preSolution
		HideSolutionNode = FALSE
	EndGlobalSection
	GlobalSection(ProjectConfigurationPlatforms) = postSolution
		{74DC9498-6E45-44E0-A1AD-D9007F4D805E}.Debug|Any CPU.ActiveCfg = Debug|Any CPU
		{74DC9498-6E45-44E0-A1AD-D9007F4D805E}.Debug|Any CPU.Build.0 = Debug|Any CPU
		{74DC9498-6E45-44E0-A1AD-D9007F4D805E}.Release|Any CPU.ActiveCfg = Release|Any CPU
		{74DC9498-6E45-44E0-A1AD-D9007F4D805E}.Release|Any CPU.Build.0 = Release|Any CPU
		{4C0E877A-EED6-426A-AE68-AF33083FD6BF}.Debug|Any CPU.ActiveCfg = Debug|Any CPU
		{4C0E877A-EED6-426A-AE68-AF33083FD6BF}.Debug|Any CPU.Build.0 = Debug|Any CPU
		{4C0E877A-EED6-426A-AE68-AF33083FD6BF}.Release|Any CPU.ActiveCfg = Release|Any CPU
		{4C0E877A-EED6-426A-AE68-AF33083FD6BF}.Release|Any CPU.Build.0 = Release|Any CPU
		{6CC45E1F-6737-4E79-81B4-708F87B0D454}.Debug|Any CPU.ActiveCfg = Debug|Any CPU
		{6CC45E1F-6737-4E79-81B4-708F87B0D454}.Debug|Any CPU.Build.0 = Debug|Any CPU
		{6CC45E1F-6737-4E79-81B4-708F87B0D454}.Release|Any CPU.ActiveCfg = Release|Any CPU
		{6CC45E1F-6737-4E79-81B4-708F87B0D454}.Release|Any CPU.Build.0 = Release|Any CPU
		{639D89F6-B47D-46BF-9E2D-094772EADC22}.Debug|Any CPU.ActiveCfg = Debug|Any CPU
		{639D89F6-B47D-46BF-9E2D-094772EADC22}.Debug|Any CPU.Build.0 = Debug|Any CPU
		{639D89F6-B47D-46BF-9E2D-094772EADC22}.Release|Any CPU.ActiveCfg = Release|Any CPU
		{639D89F6-B47D-46BF-9E2D-094772EADC22}.Release|Any CPU.Build.0 = Release|Any CPU
		{A8EA6C2C-4A7E-4216-8878-A7542A4F3B5E}.Debug|Any CPU.ActiveCfg = Debug|Any CPU
		{A8EA6C2C-4A7E-4216-8878-A7542A4F3B5E}.Debug|Any CPU.Build.0 = Debug|Any CPU
		{A8EA6C2C-4A7E-4216-8878-A7542A4F3B5E}.Release|Any CPU.ActiveCfg = Release|Any CPU
		{A8EA6C2C-4A7E-4216-8878-A7542A4F3B5E}.Release|Any CPU.Build.0 = Release|Any CPU
		{0B560B84-23F8-4EA4-A21A-4C31BBCBF570}.Debug|Any CPU.ActiveCfg = Debug|Any CPU
		{0B560B84-23F8-4EA4-A21A-4C31BBCBF570}.Debug|Any CPU.Build.0 = Debug|Any CPU
		{0B560B84-23F8-4EA4-A21A-4C31BBCBF570}.Release|Any CPU.ActiveCfg = Release|Any CPU
		{0B560B84-23F8-4EA4-A21A-4C31BBCBF570}.Release|Any CPU.Build.0 = Release|Any CPU
	EndGlobalSection
EndGlobal
